
Microsoft Visual Studio Solution File, Format Version 12.00
# Visual Studio Version 17
VisualStudioVersion = 17.8.34330.188
MinimumVisualStudioVersion = 10.0.40219.1
Project("{9A19103F-16F7-4668-BE54-9A1E7A4F7556}") = "MiniblogDB.Core", "src\MiniblogDB.Core.csproj", "{7BE1C453-27A9-4A22-BA57-CD37999A7C42}"
EndProject
Global
	GlobalSection(SolutionConfigurationPlatforms) = preSolution
		Debug|Any CPU = Debug|Any CPU
		Release|Any CPU = Release|Any CPU
	EndGlobalSection
	GlobalSection(ProjectConfigurationPlatforms) = postSolution
		{7BE1C453-27A9-4A22-BA57-CD37999A7C42}.Debug|Any CPU.ActiveCfg = Debug|Any CPU
		{7BE1C453-27A9-4A22-BA57-CD37999A7C42}.Debug|Any CPU.Build.0 = Debug|Any CPU
		{7BE1C453-27A9-4A22-BA57-CD37999A7C42}.Release|Any CPU.ActiveCfg = Release|Any CPU
		{7BE1C453-27A9-4A22-BA57-CD37999A7C42}.Release|Any CPU.Build.0 = Release|Any CPU
	EndGlobalSection
	GlobalSection(SolutionProperties) = preSolution
		HideSolutionNode = FALSE
	EndGlobalSection
	GlobalSection(ExtensibilityGlobals) = postSolution
		SolutionGuid = {FFF5882C-0F7B-435D-A67E-DC76317D7550}
	EndGlobalSection
EndGlobal
